{
  "version": "2",
  "remote": {
    "https://deno.land/std@0.170.0/encoding/base64.ts": "8605e018e49211efc767686f6f687827d7f5fd5217163e981d8d693105640d7a",
    "https://deno.land/std@0.170.0/fmt/colors.ts": "03ad95e543d2808bc43c17a3dd29d25b43d0f16287fe562a0be89bf632454a12",
    "https://deno.land/x/cliffy@v0.25.7/ansi/ansi.ts": "7f43d07d31dd7c24b721bb434c39cbb5132029fa4be3dd8938873065f65e5810",
    "https://deno.land/x/cliffy@v0.25.7/ansi/ansi_escapes.ts": "885f61f343223f27b8ec69cc138a54bea30542924eacd0f290cd84edcf691387",
    "https://deno.land/x/cliffy@v0.25.7/ansi/chain.ts": "31fb9fcbf72fed9f3eb9b9487270d2042ccd46a612d07dd5271b1a80ae2140a0",
    "https://deno.land/x/cliffy@v0.25.7/ansi/colors.ts": "5f71993af5bd1aa0a795b15f41692d556d7c89584a601fed75997df844b832c9",
    "https://deno.land/x/cliffy@v0.25.7/ansi/cursor_position.ts": "d537491e31d9c254b208277448eff92ff7f55978c4928dea363df92c0df0813f",
    "https://deno.land/x/cliffy@v0.25.7/ansi/deps.ts": "0f35cb7e91868ce81561f6a77426ea8bc55dc15e13f84c7352f211023af79053",
    "https://deno.land/x/cliffy@v0.25.7/ansi/mod.ts": "bb4e6588e6704949766205709463c8c33b30fec66c0b1846bc84a3db04a4e075",
    "https://deno.land/x/cliffy@v0.25.7/ansi/tty.ts": "8fb064c17ead6cdf00c2d3bc87a9fd17b1167f2daa575c42b516f38bdb604673",
    "https://deno.land/x/marky@v1.1.6/marky.ts": "9c90564d79a7a4d704faef20ac97619cd20b967e48885351b6ef8a22ffdf99eb",
    "https://deno.land/x/marky@v1.1.6/mod.ts": "fcae8411be5ae4399695689883dc09d0f279d59369f4562a9f2762d47cce39f4",
    "https://deno.land/x/marky@v1.1.6/parsers.ts": "494d7611f2d316cfe8c2f88abd1558ddb5afb62b7af89f71f39c3154919169a7"
  }
}
